{
  "requires": true,
  "lockfileVersion": 1,
  "dependencies": {
    "rough-notation": {
      "version": "0.5.1",
      "resolved": "https://registry.npmjs.org/rough-notation/-/rough-notation-0.5.1.tgz",
      "integrity": "sha512-ITHofTzm13cWFVfoGsh/4c/k2Mg8geKgBCwex71UZLnNuw403tCRjYPQ68jSAd37DMbZIePXPjDgY0XdZi9HPw=="
    }
  }
}
